
Microsoft Visual Studio Solution File, Format Version 12.00
# Visual Studio Version 17
VisualStudioVersion = 17.4.33403.182
MinimumVisualStudioVersion = 10.0.40219.1
Project("{FAE04EC0-301F-11D3-BF4B-00C04F79EFBC}") = "EmployeePayroll_ADO.Net", "EmployeePayroll_ADO.Net\EmployeePayroll_ADO.Net.csproj", "{5447D5EB-F184-48F4-B462-08BC701FB533}"
EndProject
Project("{FAE04EC0-301F-11D3-BF4B-00C04F79EFBC}") = "RepositoryLayer", "RepositoryLayer\RepositoryLayer.csproj", "{8AF9EF0D-4A15-4D64-87D9-A816258727FA}"
EndProject
Project("{FAE04EC0-301F-11D3-BF4B-00C04F79EFBC}") = "BusinessLayer", "BusinessLayer\BusinessLayer.csproj", "{119924A8-29AB-4752-82A6-EF81D40DDA00}"
EndProject
Project("{FAE04EC0-301F-11D3-BF4B-00C04F79EFBC}") = "CommonLayer", "CommonLayer\CommonLayer.csproj", "{BF318AC8-85CB-4DB2-8306-9B1F31F4A600}"
EndProject
Global
	GlobalSection(SolutionConfigurationPlatforms) = preSolution
		Debug|Any CPU = Debug|Any CPU
		Release|Any CPU = Release|Any CPU
	EndGlobalSection
	GlobalSection(ProjectConfigurationPlatforms) = postSolution
		{5447D5EB-F184-48F4-B462-08BC701FB533}.Debug|Any CPU.ActiveCfg = Debug|Any CPU
		{5447D5EB-F184-48F4-B462-08BC701FB533}.Debug|Any CPU.Build.0 = Debug|Any CPU
		{5447D5EB-F184-48F4-B462-08BC701FB533}.Release|Any CPU.ActiveCfg = Release|Any CPU
		{5447D5EB-F184-48F4-B462-08BC701FB533}.Release|Any CPU.Build.0 = Release|Any CPU
		{8AF9EF0D-4A15-4D64-87D9-A816258727FA}.Debug|Any CPU.ActiveCfg = Debug|Any CPU
		{8AF9EF0D-4A15-4D64-87D9-A816258727FA}.Debug|Any CPU.Build.0 = Debug|Any CPU
		{8AF9EF0D-4A15-4D64-87D9-A816258727FA}.Release|Any CPU.ActiveCfg = Release|Any CPU
		{8AF9EF0D-4A15-4D64-87D9-A816258727FA}.Release|Any CPU.Build.0 = Release|Any CPU
		{119924A8-29AB-4752-82A6-EF81D40DDA00}.Debug|Any CPU.ActiveCfg = Debug|Any CPU
		{119924A8-29AB-4752-82A6-EF81D40DDA00}.Debug|Any CPU.Build.0 = Debug|Any CPU
		{119924A8-29AB-4752-82A6-EF81D40DDA00}.Release|Any CPU.ActiveCfg = Release|Any CPU
		{119924A8-29AB-4752-82A6-EF81D40DDA00}.Release|Any CPU.Build.0 = Release|Any CPU
		{BF318AC8-85CB-4DB2-8306-9B1F31F4A600}.Debug|Any CPU.ActiveCfg = Debug|Any CPU
		{BF318AC8-85CB-4DB2-8306-9B1F31F4A600}.Debug|Any CPU.Build.0 = Debug|Any CPU
		{BF318AC8-85CB-4DB2-8306-9B1F31F4A600}.Release|Any CPU.ActiveCfg = Release|Any CPU
		{BF318AC8-85CB-4DB2-8306-9B1F31F4A600}.Release|Any CPU.Build.0 = Release|Any CPU
	EndGlobalSection
	GlobalSection(SolutionProperties) = preSolution
		HideSolutionNode = FALSE
	EndGlobalSection
	GlobalSection(ExtensibilityGlobals) = postSolution
		SolutionGuid = {2830C9ED-F7FD-4ABC-B27D-B4F2E4957867}
	EndGlobalSection
EndGlobal
